// !$*UTF8*$!
{
	archiveVersion = 1;
	classes = {
	};
	objectVersion = 56;
	objects = {

/* Begin PBXBuildFile section */
		53ACCBBE2971ABFB00980BA5 /* AppDelegate.swift in Sources */ = {isa = PBXBuildFile; fileRef = 53ACCBBD2971ABFB00980BA5 /* AppDelegate.swift */; };
		53ACCBC02971ABFB00980BA5 /* SceneDelegate.swift in Sources */ = {isa = PBXBuildFile; fileRef = 53ACCBBF2971ABFB00980BA5 /* SceneDelegate.swift */; };
		53ACCBC72971ABFD00980BA5 /* Assets.xcassets in Resources */ = {isa = PBXBuildFile; fileRef = 53ACCBC62971ABFD00980BA5 /* Assets.xcassets */; };
		53ACCBCA2971ABFD00980BA5 /* LaunchScreen.storyboard in Resources */ = {isa = PBXBuildFile; fileRef = 53ACCBC82971ABFD00980BA5 /* LaunchScreen.storyboard */; };
		53ACCBDF2971ACC400980BA5 /* RMEpisodeViewController.swift in Sources */ = {isa = PBXBuildFile; fileRef = 53ACCBDA2971ACC400980BA5 /* RMEpisodeViewController.swift */; };
		53ACCBE02971ACC400980BA5 /* RMSettingsViewController.swift in Sources */ = {isa = PBXBuildFile; fileRef = 53ACCBDB2971ACC400980BA5 /* RMSettingsViewController.swift */; };
		53ACCBE12971ACC400980BA5 /* RMTabBarController.swift in Sources */ = {isa = PBXBuildFile; fileRef = 53ACCBDC2971ACC400980BA5 /* RMTabBarController.swift */; };
		53ACCBE22971ACC500980BA5 /* RMLocationViewController.swift in Sources */ = {isa = PBXBuildFile; fileRef = 53ACCBDD2971ACC400980BA5 /* RMLocationViewController.swift */; };
		53ACCBE32971ACC500980BA5 /* RMCharacterViewController.swift in Sources */ = {isa = PBXBuildFile; fileRef = 53ACCBDE2971ACC400980BA5 /* RMCharacterViewController.swift */; };
		53ACCBEB2971ACEA00980BA5 /* RMCharacter.swift in Sources */ = {isa = PBXBuildFile; fileRef = 53ACCBE42971ACEA00980BA5 /* RMCharacter.swift */; };
		53ACCBEC2971ACEA00980BA5 /* RMOrigin.swift in Sources */ = {isa = PBXBuildFile; fileRef = 53ACCBE52971ACEA00980BA5 /* RMOrigin.swift */; };
		53ACCBED2971ACEA00980BA5 /* RMEpisode.swift in Sources */ = {isa = PBXBuildFile; fileRef = 53ACCBE62971ACEA00980BA5 /* RMEpisode.swift */; };
		53ACCBEE2971ACEA00980BA5 /* RMCharacterGender.swift in Sources */ = {isa = PBXBuildFile; fileRef = 53ACCBE72971ACEA00980BA5 /* RMCharacterGender.swift */; };
		53ACCBEF2971ACEA00980BA5 /* RMLocation.swift in Sources */ = {isa = PBXBuildFile; fileRef = 53ACCBE82971ACEA00980BA5 /* RMLocation.swift */; };
		53ACCBF02971ACEA00980BA5 /* RMSingleLocation.swift in Sources */ = {isa = PBXBuildFile; fileRef = 53ACCBE92971ACEA00980BA5 /* RMSingleLocation.swift */; };
		53ACCBF12971ACEA00980BA5 /* RMCharacterStatus.swift in Sources */ = {isa = PBXBuildFile; fileRef = 53ACCBEA2971ACEA00980BA5 /* RMCharacterStatus.swift */; };
		53ACCBF52971ACFE00980BA5 /* RMRequest.swift in Sources */ = {isa = PBXBuildFile; fileRef = 53ACCBF22971ACFE00980BA5 /* RMRequest.swift */; };
		53ACCBF62971ACFE00980BA5 /* RMService.swift in Sources */ = {isa = PBXBuildFile; fileRef = 53ACCBF32971ACFE00980BA5 /* RMService.swift */; };
		53ACCBF72971ACFE00980BA5 /* RMEndPoint.swift in Sources */ = {isa = PBXBuildFile; fileRef = 53ACCBF42971ACFE00980BA5 /* RMEndPoint.swift */; };
/* End PBXBuildFile section */

/* Begin PBXFileReference section */
		53ACCBBA2971ABFB00980BA5 /* RickAndMorty.app */ = {isa = PBXFileReference; explicitFileType = wrapper.application; includeInIndex = 0; path = RickAndMorty.app; sourceTree = BUILT_PRODUCTS_DIR; };
		53ACCBBD2971ABFB00980BA5 /* AppDelegate.swift */ = {isa = PBXFileReference; lastKnownFileType = sourcecode.swift; path = AppDelegate.swift; sourceTree = "<group>"; };
		53ACCBBF2971ABFB00980BA5 /* SceneDelegate.swift */ = {isa = PBXFileReference; lastKnownFileType = sourcecode.swift; path = SceneDelegate.swift; sourceTree = "<group>"; };
		53ACCBC62971ABFD00980BA5 /* Assets.xcassets */ = {isa = PBXFileReference; lastKnownFileType = folder.assetcatalog; path = Assets.xcassets; sourceTree = "<group>"; };
		53ACCBC92971ABFD00980BA5 /* Base */ = {isa = PBXFileReference; lastKnownFileType = file.storyboard; name = Base; path = Base.lproj/LaunchScreen.storyboard; sourceTree = "<group>"; };
		53ACCBCB2971ABFD00980BA5 /* Info.plist */ = {isa = PBXFileReference; lastKnownFileType = text.plist.xml; path = Info.plist; sourceTree = "<group>"; };
		53ACCBDA2971ACC400980BA5 /* RMEpisodeViewController.swift */ = {isa = PBXFileReference; fileEncoding = 4; lastKnownFileType = sourcecode.swift; path = RMEpisodeViewController.swift; sourceTree = "<group>"; };
		53ACCBDB2971ACC400980BA5 /* RMSettingsViewController.swift */ = {isa = PBXFileReference; fileEncoding = 4; lastKnownFileType = sourcecode.swift; path = RMSettingsViewController.swift; sourceTree = "<group>"; };
		53ACCBDC2971ACC400980BA5 /* RMTabBarController.swift */ = {isa = PBXFileReference; fileEncoding = 4; lastKnownFileType = sourcecode.swift; path = RMTabBarController.swift; sourceTree = "<group>"; };
		53ACCBDD2971ACC400980BA5 /* RMLocationViewController.swift */ = {isa = PBXFileReference; fileEncoding = 4; lastKnownFileType = sourcecode.swift; path = RMLocationViewController.swift; sourceTree = "<group>"; };
		53ACCBDE2971ACC400980BA5 /* RMCharacterViewController.swift */ = {isa = PBXFileReference; fileEncoding = 4; lastKnownFileType = sourcecode.swift; path = RMCharacterViewController.swift; sourceTree = "<group>"; };
		53ACCBE42971ACEA00980BA5 /* RMCharacter.swift */ = {isa = PBXFileReference; fileEncoding = 4; lastKnownFileType = sourcecode.swift; path = RMCharacter.swift; sourceTree = "<group>"; };
		53ACCBE52971ACEA00980BA5 /* RMOrigin.swift */ = {isa = PBXFileReference; fileEncoding = 4; lastKnownFileType = sourcecode.swift; path = RMOrigin.swift; sourceTree = "<group>"; };
		53ACCBE62971ACEA00980BA5 /* RMEpisode.swift */ = {isa = PBXFileReference; fileEncoding = 4; lastKnownFileType = sourcecode.swift; path = RMEpisode.swift; sourceTree = "<group>"; };
		53ACCBE72971ACEA00980BA5 /* RMCharacterGender.swift */ = {isa = PBXFileReference; fileEncoding = 4; lastKnownFileType = sourcecode.swift; path = RMCharacterGender.swift; sourceTree = "<group>"; };
		53ACCBE82971ACEA00980BA5 /* RMLocation.swift */ = {isa = PBXFileReference; fileEncoding = 4; lastKnownFileType = sourcecode.swift; path = RMLocation.swift; sourceTree = "<group>"; };
		53ACCBE92971ACEA00980BA5 /* RMSingleLocation.swift */ = {isa = PBXFileReference; fileEncoding = 4; lastKnownFileType = sourcecode.swift; path = RMSingleLocation.swift; sourceTree = "<group>"; };
		53ACCBEA2971ACEA00980BA5 /* RMCharacterStatus.swift */ = {isa = PBXFileReference; fileEncoding = 4; lastKnownFileType = sourcecode.swift; path = RMCharacterStatus.swift; sourceTree = "<group>"; };
		53ACCBF22971ACFE00980BA5 /* RMRequest.swift */ = {isa = PBXFileReference; fileEncoding = 4; lastKnownFileType = sourcecode.swift; path = RMRequest.swift; sourceTree = "<group>"; };
		53ACCBF32971ACFE00980BA5 /* RMService.swift */ = {isa = PBXFileReference; fileEncoding = 4; lastKnownFileType = sourcecode.swift; path = RMService.swift; sourceTree = "<group>"; };
		53ACCBF42971ACFE00980BA5 /* RMEndPoint.swift */ = {isa = PBXFileReference; fileEncoding = 4; lastKnownFileType = sourcecode.swift; path = RMEndPoint.swift; sourceTree = "<group>"; };
/* End PBXFileReference section */

/* Begin PBXFrameworksBuildPhase section */
		53ACCBB72971ABFB00980BA5 /* Frameworks */ = {
			isa = PBXFrameworksBuildPhase;
			buildActionMask = 2147483647;
			files = (
			);
			runOnlyForDeploymentPostprocessing = 0;
		};
/* End PBXFrameworksBuildPhase section */

/* Begin PBXGroup section */
		53ACCBB12971ABFB00980BA5 = {
			isa = PBXGroup;
			children = (
				53ACCBBC2971ABFB00980BA5 /* RickAndMorty */,
				53ACCBBB2971ABFB00980BA5 /* Products */,
			);
			sourceTree = "<group>";
		};
		53ACCBBB2971ABFB00980BA5 /* Products */ = {
			isa = PBXGroup;
			children = (
				53ACCBBA2971ABFB00980BA5 /* RickAndMorty.app */,
			);
			name = Products;
			sourceTree = "<group>";
		};
		53ACCBBC2971ABFB00980BA5 /* RickAndMorty */ = {
			isa = PBXGroup;
			children = (
				53ACCBD72971AC6000980BA5 /* Resources */,
				53ACCBD62971AC5800980BA5 /* Managers */,
				53ACCBD52971AC5200980BA5 /* API Client */,
				53ACCBD42971AC4800980BA5 /* View Models */,
				53ACCBD32971AC4300980BA5 /* Views */,
				53ACCBD22971AC3B00980BA5 /* Models */,
				53ACCBD12971AC3600980BA5 /* Controller */,
				53ACCBCB2971ABFD00980BA5 /* Info.plist */,
			);
			path = RickAndMorty;
			sourceTree = "<group>";
		};
		53ACCBD12971AC3600980BA5 /* Controller */ = {
			isa = PBXGroup;
			children = (
				53ACCBD82971ACB500980BA5 /* Core */,
				53ACCBD92971ACBA00980BA5 /* Other */,
			);
			path = Controller;
			sourceTree = "<group>";
		};
		53ACCBD22971AC3B00980BA5 /* Models */ = {
			isa = PBXGroup;
			children = (
				53ACCBE42971ACEA00980BA5 /* RMCharacter.swift */,
				53ACCBE72971ACEA00980BA5 /* RMCharacterGender.swift */,
				53ACCBEA2971ACEA00980BA5 /* RMCharacterStatus.swift */,
				53ACCBE62971ACEA00980BA5 /* RMEpisode.swift */,
				53ACCBE82971ACEA00980BA5 /* RMLocation.swift */,
				53ACCBE52971ACEA00980BA5 /* RMOrigin.swift */,
				53ACCBE92971ACEA00980BA5 /* RMSingleLocation.swift */,
			);
			path = Models;
			sourceTree = "<group>";
		};
		53ACCBD32971AC4300980BA5 /* Views */ = {
			isa = PBXGroup;
			children = (
			);
			path = Views;
			sourceTree = "<group>";
		};
		53ACCBD42971AC4800980BA5 /* View Models */ = {
			isa = PBXGroup;
			children = (
			);
			path = "View Models";
			sourceTree = "<group>";
		};
		53ACCBD52971AC5200980BA5 /* API Client */ = {
			isa = PBXGroup;
			children = (
				53ACCBF42971ACFE00980BA5 /* RMEndPoint.swift */,
				53ACCBF22971ACFE00980BA5 /* RMRequest.swift */,
				53ACCBF32971ACFE00980BA5 /* RMService.swift */,
			);
			path = "API Client";
			sourceTree = "<group>";
		};
		53ACCBD62971AC5800980BA5 /* Managers */ = {
			isa = PBXGroup;
			children = (
			);
			path = Managers;
			sourceTree = "<group>";
		};
		53ACCBD72971AC6000980BA5 /* Resources */ = {
			isa = PBXGroup;
			children = (
				53ACCBBD2971ABFB00980BA5 /* AppDelegate.swift */,
				53ACCBBF2971ABFB00980BA5 /* SceneDelegate.swift */,
				53ACCBC82971ABFD00980BA5 /* LaunchScreen.storyboard */,
				53ACCBC62971ABFD00980BA5 /* Assets.xcassets */,
			);
			path = Resources;
			sourceTree = "<group>";
		};
		53ACCBD82971ACB500980BA5 /* Core */ = {
			isa = PBXGroup;
			children = (
				53ACCBDE2971ACC400980BA5 /* RMCharacterViewController.swift */,
				53ACCBDA2971ACC400980BA5 /* RMEpisodeViewController.swift */,
				53ACCBDD2971ACC400980BA5 /* RMLocationViewController.swift */,
				53ACCBDB2971ACC400980BA5 /* RMSettingsViewController.swift */,
				53ACCBDC2971ACC400980BA5 /* RMTabBarController.swift */,
			);
			path = Core;
			sourceTree = "<group>";
		};
		53ACCBD92971ACBA00980BA5 /* Other */ = {
			isa = PBXGroup;
			children = (
			);
			path = Other;
			sourceTree = "<group>";
		};
/* End PBXGroup section */

/* Begin PBXNativeTarget section */
		53ACCBB92971ABFB00980BA5 /* RickAndMorty */ = {
			isa = PBXNativeTarget;
			buildConfigurationList = 53ACCBCE2971ABFD00980BA5 /* Build configuration list for PBXNativeTarget "RickAndMorty" */;
			buildPhases = (
				53ACCBB62971ABFB00980BA5 /* Sources */,
				53ACCBB72971ABFB00980BA5 /* Frameworks */,
				53ACCBB82971ABFB00980BA5 /* Resources */,
			);
			buildRules = (
			);
			dependencies = (
			);
			name = RickAndMorty;
			productName = RickAndMorty;
			productReference = 53ACCBBA2971ABFB00980BA5 /* RickAndMorty.app */;
			productType = "com.apple.product-type.application";
		};
/* End PBXNativeTarget section */

/* Begin PBXProject section */
		53ACCBB22971ABFB00980BA5 /* Project object */ = {
			isa = PBXProject;
			attributes = {
				BuildIndependentTargetsInParallel = 1;
				LastSwiftUpdateCheck = 1420;
				LastUpgradeCheck = 1420;
				TargetAttributes = {
					53ACCBB92971ABFB00980BA5 = {
						CreatedOnToolsVersion = 14.2;
					};
				};
			};
			buildConfigurationList = 53ACCBB52971ABFB00980BA5 /* Build configuration list for PBXProject "RickAndMorty" */;
			compatibilityVersion = "Xcode 14.0";
			developmentRegion = en;
			hasScannedForEncodings = 0;
			knownRegions = (
				en,
				Base,
			);
			mainGroup = 53ACCBB12971ABFB00980BA5;
			productRefGroup = 53ACCBBB2971ABFB00980BA5 /* Products */;
			projectDirPath = "";
			projectRoot = "";
			targets = (
				53ACCBB92971ABFB00980BA5 /* RickAndMorty */,
			);
		};
/* End PBXProject section */

/* Begin PBXResourcesBuildPhase section */
		53ACCBB82971ABFB00980BA5 /* Resources */ = {
			isa = PBXResourcesBuildPhase;
			buildActionMask = 2147483647;
			files = (
				53ACCBCA2971ABFD00980BA5 /* LaunchScreen.storyboard in Resources */,
				53ACCBC72971ABFD00980BA5 /* Assets.xcassets in Resources */,
			);
			runOnlyForDeploymentPostprocessing = 0;
		};
/* End PBXResourcesBuildPhase section */

/* Begin PBXSourcesBuildPhase section */
		53ACCBB62971ABFB00980BA5 /* Sources */ = {
			isa = PBXSourcesBuildPhase;
			buildActionMask = 2147483647;
			files = (
				53ACCBF12971ACEA00980BA5 /* RMCharacterStatus.swift in Sources */,
				53ACCBEB2971ACEA00980BA5 /* RMCharacter.swift in Sources */,
				53ACCBE12971ACC400980BA5 /* RMTabBarController.swift in Sources */,
				53ACCBED2971ACEA00980BA5 /* RMEpisode.swift in Sources */,
				53ACCBE22971ACC500980BA5 /* RMLocationViewController.swift in Sources */,
				53ACCBF02971ACEA00980BA5 /* RMSingleLocation.swift in Sources */,
				53ACCBE02971ACC400980BA5 /* RMSettingsViewController.swift in Sources */,
				53ACCBF52971ACFE00980BA5 /* RMRequest.swift in Sources */,
				53ACCBBE2971ABFB00980BA5 /* AppDelegate.swift in Sources */,
				53ACCBE32971ACC500980BA5 /* RMCharacterViewController.swift in Sources */,
				53ACCBF62971ACFE00980BA5 /* RMService.swift in Sources */,
				53ACCBEF2971ACEA00980BA5 /* RMLocation.swift in Sources */,
				53ACCBEE2971ACEA00980BA5 /* RMCharacterGender.swift in Sources */,
				53ACCBC02971ABFB00980BA5 /* SceneDelegate.swift in Sources */,
				53ACCBF72971ACFE00980BA5 /* RMEndPoint.swift in Sources */,
				53ACCBEC2971ACEA00980BA5 /* RMOrigin.swift in Sources */,
				53ACCBDF2971ACC400980BA5 /* RMEpisodeViewController.swift in Sources */,
			);
			runOnlyForDeploymentPostprocessing = 0;
		};
/* End PBXSourcesBuildPhase section */

/* Begin PBXVariantGroup section */
		53ACCBC82971ABFD00980BA5 /* LaunchScreen.storyboard */ = {
			isa = PBXVariantGroup;
			children = (
				53ACCBC92971ABFD00980BA5 /* Base */,
			);
			name = LaunchScreen.storyboard;
			sourceTree = "<group>";
		};
/* End PBXVariantGroup section */

/* Begin XCBuildConfiguration section */
		53ACCBCC2971ABFD00980BA5 /* Debug */ = {
			isa = XCBuildConfiguration;
			buildSettings = {
				ALWAYS_SEARCH_USER_PATHS = NO;
				CLANG_ANALYZER_NONNULL = YES;
				CLANG_ANALYZER_NUMBER_OBJECT_CONVERSION = YES_AGGRESSIVE;
				CLANG_CXX_LANGUAGE_STANDARD = "gnu++20";
				CLANG_ENABLE_MODULES = YES;
				CLANG_ENABLE_OBJC_ARC = YES;
				CLANG_ENABLE_OBJC_WEAK = YES;
				CLANG_WARN_BLOCK_CAPTURE_AUTORELEASING = YES;
				CLANG_WARN_BOOL_CONVERSION = YES;
				CLANG_WARN_COMMA = YES;
				CLANG_WARN_CONSTANT_CONVERSION = YES;
				CLANG_WARN_DEPRECATED_OBJC_IMPLEMENTATIONS = YES;
				CLANG_WARN_DIRECT_OBJC_ISA_USAGE = YES_ERROR;
				CLANG_WARN_DOCUMENTATION_COMMENTS = YES;
				CLANG_WARN_EMPTY_BODY = YES;
				CLANG_WARN_ENUM_CONVERSION = YES;
				CLANG_WARN_INFINITE_RECURSION = YES;
				CLANG_WARN_INT_CONVERSION = YES;
				CLANG_WARN_NON_LITERAL_NULL_CONVERSION = YES;
				CLANG_WARN_OBJC_IMPLICIT_RETAIN_SELF = YES;
				CLANG_WARN_OBJC_LITERAL_CONVERSION = YES;
				CLANG_WARN_OBJC_ROOT_CLASS = YES_ERROR;
				CLANG_WARN_QUOTED_INCLUDE_IN_FRAMEWORK_HEADER = YES;
				CLANG_WARN_RANGE_LOOP_ANALYSIS = YES;
				CLANG_WARN_STRICT_PROTOTYPES = YES;
				CLANG_WARN_SUSPICIOUS_MOVE = YES;
				CLANG_WARN_UNGUARDED_AVAILABILITY = YES_AGGRESSIVE;
				CLANG_WARN_UNREACHABLE_CODE = YES;
				CLANG_WARN__DUPLICATE_METHOD_MATCH = YES;
				COPY_PHASE_STRIP = NO;
				DEBUG_INFORMATION_FORMAT = dwarf;
				ENABLE_STRICT_OBJC_MSGSEND = YES;
				ENABLE_TESTABILITY = YES;
				GCC_C_LANGUAGE_STANDARD = gnu11;
				GCC_DYNAMIC_NO_PIC = NO;
				GCC_NO_COMMON_BLOCKS = YES;
				GCC_OPTIMIZATION_LEVEL = 0;
				GCC_PREPROCESSOR_DEFINITIONS = (
					"DEBUG=1",
					"$(inherited)",
				);
				GCC_WARN_64_TO_32_BIT_CONVERSION = YES;
				GCC_WARN_ABOUT_RETURN_TYPE = YES_ERROR;
				GCC_WARN_UNDECLARED_SELECTOR = YES;
				GCC_WARN_UNINITIALIZED_AUTOS = YES_AGGRESSIVE;
				GCC_WARN_UNUSED_FUNCTION = YES;
				GCC_WARN_UNUSED_VARIABLE = YES;
				IPHONEOS_DEPLOYMENT_TARGET = 16.2;
				MTL_ENABLE_DEBUG_INFO = INCLUDE_SOURCE;
				MTL_FAST_MATH = YES;
				ONLY_ACTIVE_ARCH = YES;
				SDKROOT = iphoneos;
				SWIFT_ACTIVE_COMPILATION_CONDITIONS = DEBUG;
				SWIFT_OPTIMIZATION_LEVEL = "-Onone";
			};
			name = Debug;
		};
		53ACCBCD2971ABFD00980BA5 /* Release */ = {
			isa = XCBuildConfiguration;
			buildSettings = {
				ALWAYS_SEARCH_USER_PATHS = NO;
				CLANG_ANALYZER_NONNULL = YES;
				CLANG_ANALYZER_NUMBER_OBJECT_CONVERSION = YES_AGGRESSIVE;
				CLANG_CXX_LANGUAGE_STANDARD = "gnu++20";
				CLANG_ENABLE_MODULES = YES;
				CLANG_ENABLE_OBJC_ARC = YES;
				CLANG_ENABLE_OBJC_WEAK = YES;
				CLANG_WARN_BLOCK_CAPTURE_AUTORELEASING = YES;
				CLANG_WARN_BOOL_CONVERSION = YES;
				CLANG_WARN_COMMA = YES;
				CLANG_WARN_CONSTANT_CONVERSION = YES;
				CLANG_WARN_DEPRECATED_OBJC_IMPLEMENTATIONS = YES;
				CLANG_WARN_DIRECT_OBJC_ISA_USAGE = YES_ERROR;
				CLANG_WARN_DOCUMENTATION_COMMENTS = YES;
				CLANG_WARN_EMPTY_BODY = YES;
				CLANG_WARN_ENUM_CONVERSION = YES;
				CLANG_WARN_INFINITE_RECURSION = YES;
				CLANG_WARN_INT_CONVERSION = YES;
				CLANG_WARN_NON_LITERAL_NULL_CONVERSION = YES;
				CLANG_WARN_OBJC_IMPLICIT_RETAIN_SELF = YES;
				CLANG_WARN_OBJC_LITERAL_CONVERSION = YES;
				CLANG_WARN_OBJC_ROOT_CLASS = YES_ERROR;
				CLANG_WARN_QUOTED_INCLUDE_IN_FRAMEWORK_HEADER = YES;
				CLANG_WARN_RANGE_LOOP_ANALYSIS = YES;
				CLANG_WARN_STRICT_PROTOTYPES = YES;
				CLANG_WARN_SUSPICIOUS_MOVE = YES;
				CLANG_WARN_UNGUARDED_AVAILABILITY = YES_AGGRESSIVE;
				CLANG_WARN_UNREACHABLE_CODE = YES;
				CLANG_WARN__DUPLICATE_METHOD_MATCH = YES;
				COPY_PHASE_STRIP = NO;
				DEBUG_INFORMATION_FORMAT = "dwarf-with-dsym";
				ENABLE_NS_ASSERTIONS = NO;
				ENABLE_STRICT_OBJC_MSGSEND = YES;
				GCC_C_LANGUAGE_STANDARD = gnu11;
				GCC_NO_COMMON_BLOCKS = YES;
				GCC_WARN_64_TO_32_BIT_CONVERSION = YES;
				GCC_WARN_ABOUT_RETURN_TYPE = YES_ERROR;
				GCC_WARN_UNDECLARED_SELECTOR = YES;
				GCC_WARN_UNINITIALIZED_AUTOS = YES_AGGRESSIVE;
				GCC_WARN_UNUSED_FUNCTION = YES;
				GCC_WARN_UNUSED_VARIABLE = YES;
				IPHONEOS_DEPLOYMENT_TARGET = 16.2;
				MTL_ENABLE_DEBUG_INFO = NO;
				MTL_FAST_MATH = YES;
				SDKROOT = iphoneos;
				SWIFT_COMPILATION_MODE = wholemodule;
				SWIFT_OPTIMIZATION_LEVEL = "-O";
				VALIDATE_PRODUCT = YES;
			};
			name = Release;
		};
		53ACCBCF2971ABFD00980BA5 /* Debug */ = {
			isa = XCBuildConfiguration;
			buildSettings = {
				ASSETCATALOG_COMPILER_APPICON_NAME = AppIcon;
				ASSETCATALOG_COMPILER_GLOBAL_ACCENT_COLOR_NAME = AccentColor;
				CODE_SIGN_STYLE = Automatic;
				CURRENT_PROJECT_VERSION = 1;
				DEVELOPMENT_TEAM = 37343DQHPZ;
				GENERATE_INFOPLIST_FILE = YES;
				INFOPLIST_FILE = RickAndMorty/Info.plist;
				INFOPLIST_KEY_UIApplicationSupportsIndirectInputEvents = YES;
				INFOPLIST_KEY_UILaunchStoryboardName = LaunchScreen.storyboard;
				INFOPLIST_KEY_UISupportedInterfaceOrientations_iPad = "UIInterfaceOrientationPortrait UIInterfaceOrientationPortraitUpsideDown UIInterfaceOrientationLandscapeLeft UIInterfaceOrientationLandscapeRight";
				INFOPLIST_KEY_UISupportedInterfaceOrientations_iPhone = "UIInterfaceOrientationPortrait UIInterfaceOrientationLandscapeLeft UIInterfaceOrientationLandscapeRight";
				LD_RUNPATH_SEARCH_PATHS = (
					"$(inherited)",
					"@executable_path/Frameworks",
				);
				MARKETING_VERSION = 1.0;
				PRODUCT_BUNDLE_IDENTIFIER = com.kabindra.RickAndMorty;
				PRODUCT_NAME = "$(TARGET_NAME)";
				SWIFT_EMIT_LOC_STRINGS = YES;
				SWIFT_VERSION = 5.0;
				TARGETED_DEVICE_FAMILY = "1,2";
			};
			name = Debug;
		};
		53ACCBD02971ABFD00980BA5 /* Release */ = {
			isa = XCBuildConfiguration;
			buildSettings = {
				ASSETCATALOG_COMPILER_APPICON_NAME = AppIcon;
				ASSETCATALOG_COMPILER_GLOBAL_ACCENT_COLOR_NAME = AccentColor;
				CODE_SIGN_STYLE = Automatic;
				CURRENT_PROJECT_VERSION = 1;
				DEVELOPMENT_TEAM = 37343DQHPZ;
				GENERATE_INFOPLIST_FILE = YES;
				INFOPLIST_FILE = RickAndMorty/Info.plist;
				INFOPLIST_KEY_UIApplicationSupportsIndirectInputEvents = YES;
				INFOPLIST_KEY_UILaunchStoryboardName = LaunchScreen.storyboard;
				INFOPLIST_KEY_UISupportedInterfaceOrientations_iPad = "UIInterfaceOrientationPortrait UIInterfaceOrientationPortraitUpsideDown UIInterfaceOrientationLandscapeLeft UIInterfaceOrientationLandscapeRight";
				INFOPLIST_KEY_UISupportedInterfaceOrientations_iPhone = "UIInterfaceOrientationPortrait UIInterfaceOrientationLandscapeLeft UIInterfaceOrientationLandscapeRight";
				LD_RUNPATH_SEARCH_PATHS = (
					"$(inherited)",
					"@executable_path/Frameworks",
				);
				MARKETING_VERSION = 1.0;
				PRODUCT_BUNDLE_IDENTIFIER = com.kabindra.RickAndMorty;
				PRODUCT_NAME = "$(TARGET_NAME)";
				SWIFT_EMIT_LOC_STRINGS = YES;
				SWIFT_VERSION = 5.0;
				TARGETED_DEVICE_FAMILY = "1,2";
			};
			name = Release;
		};
/* End XCBuildConfiguration section */

/* Begin XCConfigurationList section */
		53ACCBB52971ABFB00980BA5 /* Build configuration list for PBXProject "RickAndMorty" */ = {
			isa = XCConfigurationList;
			buildConfigurations = (
				53ACCBCC2971ABFD00980BA5 /* Debug */,
				53ACCBCD2971ABFD00980BA5 /* Release */,
			);
			defaultConfigurationIsVisible = 0;
			defaultConfigurationName = Release;
		};
		53ACCBCE2971ABFD00980BA5 /* Build configuration list for PBXNativeTarget "RickAndMorty" */ = {
			isa = XCConfigurationList;
			buildConfigurations = (
				53ACCBCF2971ABFD00980BA5 /* Debug */,
				53ACCBD02971ABFD00980BA5 /* Release */,
			);
			defaultConfigurationIsVisible = 0;
			defaultConfigurationName = Release;
		};
/* End XCConfigurationList section */
	};
	rootObject = 53ACCBB22971ABFB00980BA5 /* Project object */;
}
